Microsoft Visual Studio Solution File, Format Version 11.00
# Visual Studio 2008

Project("{8840341E-36AA-B640-D613-6BC99AC4C9AE}") = "CQDemo", "Assembly-CSharp.csproj", "{8A4E5D9B-EFFB-18AA-C044-0056294981E7}"
EndProject
Project("{8840341E-36AA-B640-D613-6BC99AC4C9AE}") = "CQDemo", "Assembly-CSharp-Editor.csproj", "{8923D655-2DF5-8B7F-E928-0629A189261B}"
EndProject
Global
	GlobalSection(SolutionConfigurationPlatforms) = preSolution
		Debug|Any CPU = Debug|Any CPU
		Release|Any CPU = Release|Any CPU
	EndGlobalSection
	GlobalSection(ProjectConfigurationPlatforms) = postSolution
		{8A4E5D9B-EFFB-18AA-C044-0056294981E7}.Debug|Any CPU.ActiveCfg = Debug|Any CPU
		{8A4E5D9B-EFFB-18AA-C044-0056294981E7}.Debug|Any CPU.Build.0 = Debug|Any CPU
		{8A4E5D9B-EFFB-18AA-C044-0056294981E7}.Release|Any CPU.ActiveCfg = Release|Any CPU
		{8A4E5D9B-EFFB-18AA-C044-0056294981E7}.Release|Any CPU.Build.0 = Release|Any CPU
		{8923D655-2DF5-8B7F-E928-0629A189261B}.Debug|Any CPU.ActiveCfg = Debug|Any CPU
		{8923D655-2DF5-8B7F-E928-0629A189261B}.Debug|Any CPU.Build.0 = Debug|Any CPU
		{8923D655-2DF5-8B7F-E928-0629A189261B}.Release|Any CPU.ActiveCfg = Release|Any CPU
		{8923D655-2DF5-8B7F-E928-0629A189261B}.Release|Any CPU.Build.0 = Release|Any CPU
	EndGlobalSection
	GlobalSection(SolutionProperties) = preSolution
		HideSolutionNode = FALSE
	EndGlobalSection
																																																																																																																									GlobalSection(MonoDevelopProperties) = preSolution
		StartupItem = Assembly-CSharp.csproj
		Policies = $0
		$0.TextStylePolicy = $1
		$1.inheritsSet = null
		$1.scope = text/x-csharp
		$0.CSharpFormattingPolicy = $2
		$2.inheritsSet = Mono
		$2.inheritsScope = text/x-csharp
		$2.scope = text/x-csharp
		$0.TextStylePolicy = $3
		$3.FileWidth = 120
		$3.TabWidth = 4
		$3.EolMarker = Unix
		$3.inheritsSet = Mono
		$3.inheritsScope = text/plain
		$3.scope = text/plain
	EndGlobalSection

EndGlobal
